<Solution>
  <Folder Name="/src/">
    <Project Path="src/MaxiProd.API/MaxiProd.API.csproj" />
    <Project Path="src/MaxiProd.Application/MaxiProd.Application.csproj" />
    <Project Path="src/MaxiProd.Domain/MaxiProd.Domain.csproj" />
    <Project Path="src/MaxiProd.Infrastructure/MaxiProd.Infrastructure.csproj" />
  </Folder>
</Solution>
